
Microsoft Visual Studio Solution File, Format Version 12.00
# Visual Studio Version 17
VisualStudioVersion = 17.1.32319.34
MinimumVisualStudioVersion = 10.0.40219.1
Project("{FAE04EC0-301F-11D3-BF4B-00C04F79EFBC}") = "StudentAdmission", "StudentAdmission\StudentAdmission.csproj", "{34375864-E38E-4960-AD0F-D919286D3630}"
EndProject
Project("{FAE04EC0-301F-11D3-BF4B-00C04F79EFBC}") = "StudentAttendance", "StudentAttendance\StudentAttendance.csproj", "{0FFA6518-3D47-499A-9249-714D6DFA2F55}"
EndProject
Project("{FAE04EC0-301F-11D3-BF4B-00C04F79EFBC}") = "ApiGateway", "ApiGateway\ApiGateway.csproj", "{7530C6CE-0062-4F7B-B977-15C7F8013711}"
EndProject
Global
	GlobalSection(SolutionConfigurationPlatforms) = preSolution
		Debug|Any CPU = Debug|Any CPU
		Release|Any CPU = Release|Any CPU
	EndGlobalSection
	GlobalSection(ProjectConfigurationPlatforms) = postSolution
		{34375864-E38E-4960-AD0F-D919286D3630}.Debug|Any CPU.ActiveCfg = Debug|Any CPU
		{34375864-E38E-4960-AD0F-D919286D3630}.Debug|Any CPU.Build.0 = Debug|Any CPU
		{34375864-E38E-4960-AD0F-D919286D3630}.Release|Any CPU.ActiveCfg = Release|Any CPU
		{34375864-E38E-4960-AD0F-D919286D3630}.Release|Any CPU.Build.0 = Release|Any CPU
		{0FFA6518-3D47-499A-9249-714D6DFA2F55}.Debug|Any CPU.ActiveCfg = Debug|Any CPU
		{0FFA6518-3D47-499A-9249-714D6DFA2F55}.Debug|Any CPU.Build.0 = Debug|Any CPU
		{0FFA6518-3D47-499A-9249-714D6DFA2F55}.Release|Any CPU.ActiveCfg = Release|Any CPU
		{0FFA6518-3D47-499A-9249-714D6DFA2F55}.Release|Any CPU.Build.0 = Release|Any CPU
		{7530C6CE-0062-4F7B-B977-15C7F8013711}.Debug|Any CPU.ActiveCfg = Debug|Any CPU
		{7530C6CE-0062-4F7B-B977-15C7F8013711}.Debug|Any CPU.Build.0 = Debug|Any CPU
		{7530C6CE-0062-4F7B-B977-15C7F8013711}.Release|Any CPU.ActiveCfg = Release|Any CPU
		{7530C6CE-0062-4F7B-B977-15C7F8013711}.Release|Any CPU.Build.0 = Release|Any CPU
	EndGlobalSection
	GlobalSection(SolutionProperties) = preSolution
		HideSolutionNode = FALSE
	EndGlobalSection
	GlobalSection(ExtensibilityGlobals) = postSolution
		SolutionGuid = {D4662B37-DCA8-4B7F-B8CC-76ED5EDA10A7}
	EndGlobalSection
EndGlobal
